
Microsoft Visual Studio Solution File, Format Version 12.00
# Visual Studio Version 17
VisualStudioVersion = 17.4.33205.214
MinimumVisualStudioVersion = 10.0.40219.1
Project("{888888A0-9F3D-457C-B088-3A5042F75D52}") = "Siraku", "Siraku\Siraku.pyproj", "{15AB93BD-44C8-4751-A1F9-D18D558650CE}"
EndProject
Global
	GlobalSection(SolutionConfigurationPlatforms) = preSolution
		Debug|Any CPU = Debug|Any CPU
		Release|Any CPU = Release|Any CPU
	EndGlobalSection
	GlobalSection(ProjectConfigurationPlatforms) = postSolution
		{15AB93BD-44C8-4751-A1F9-D18D558650CE}.Debug|Any CPU.ActiveCfg = Debug|Any CPU
		{15AB93BD-44C8-4751-A1F9-D18D558650CE}.Release|Any CPU.ActiveCfg = Release|Any CPU
	EndGlobalSection
	GlobalSection(SolutionProperties) = preSolution
		HideSolutionNode = FALSE
	EndGlobalSection
	GlobalSection(ExtensibilityGlobals) = postSolution
		SolutionGuid = {D3F437D8-271A-4976-B8E0-4E11205BAED4}
	EndGlobalSection
EndGlobal
